
Microsoft Visual Studio Solution File, Format Version 12.00
# Visual Studio Version 17
VisualStudioVersion = 17.4.33103.184
MinimumVisualStudioVersion = 10.0.40219.1
Project("{FAE04EC0-301F-11D3-BF4B-00C04F79EFBC}") = "PhoneBook1", "PhoneBook1\PhoneBook1.csproj", "{8ED6EC85-5724-4999-8387-374B170AA1BB}"
EndProject
Global
	GlobalSection(SolutionConfigurationPlatforms) = preSolution
		Debug|Any CPU = Debug|Any CPU
		Release|Any CPU = Release|Any CPU
	EndGlobalSection
	GlobalSection(ProjectConfigurationPlatforms) = postSolution
		{8ED6EC85-5724-4999-8387-374B170AA1BB}.Debug|Any CPU.ActiveCfg = Debug|Any CPU
		{8ED6EC85-5724-4999-8387-374B170AA1BB}.Debug|Any CPU.Build.0 = Debug|Any CPU
		{8ED6EC85-5724-4999-8387-374B170AA1BB}.Release|Any CPU.ActiveCfg = Release|Any CPU
		{8ED6EC85-5724-4999-8387-374B170AA1BB}.Release|Any CPU.Build.0 = Release|Any CPU
	EndGlobalSection
	GlobalSection(SolutionProperties) = preSolution
		HideSolutionNode = FALSE
	EndGlobalSection
	GlobalSection(ExtensibilityGlobals) = postSolution
		SolutionGuid = {85265D37-46DB-4A37-A19B-DEB94167E0D0}
	EndGlobalSection
EndGlobal
